
Microsoft Visual Studio Solution File, Format Version 12.00
# Visual Studio Version 16
VisualStudioVersion = 16.0.30711.63
MinimumVisualStudioVersion = 10.0.40219.1
Project("{FAE04EC0-301F-11D3-BF4B-00C04F79EFBC}") = "Puzzlegame", "HappyBirthDayPrincess\Puzzlegame.csproj", "{564F590F-39B7-46D7-BF8B-72A4318D2F09}"
EndProject
Project("{54435603-DBB4-11D2-8724-00A0C9A8B90C}") = "Puzzle", "Puzzle\Puzzle.vdproj", "{6ABA376C-3E6A-4024-BED2-63AA7F129FBB}"
EndProject
Global
	GlobalSection(SolutionConfigurationPlatforms) = preSolution
		Debug|Any CPU = Debug|Any CPU
		Release|Any CPU = Release|Any CPU
	EndGlobalSection
	GlobalSection(ProjectConfigurationPlatforms) = postSolution
		{564F590F-39B7-46D7-BF8B-72A4318D2F09}.Debug|Any CPU.ActiveCfg = Debug|Any CPU
		{564F590F-39B7-46D7-BF8B-72A4318D2F09}.Debug|Any CPU.Build.0 = Debug|Any CPU
		{564F590F-39B7-46D7-BF8B-72A4318D2F09}.Release|Any CPU.ActiveCfg = Release|Any CPU
		{564F590F-39B7-46D7-BF8B-72A4318D2F09}.Release|Any CPU.Build.0 = Release|Any CPU
		{6ABA376C-3E6A-4024-BED2-63AA7F129FBB}.Debug|Any CPU.ActiveCfg = Debug
		{6ABA376C-3E6A-4024-BED2-63AA7F129FBB}.Release|Any CPU.ActiveCfg = Release
	EndGlobalSection
	GlobalSection(SolutionProperties) = preSolution
		HideSolutionNode = FALSE
	EndGlobalSection
	GlobalSection(ExtensibilityGlobals) = postSolution
		SolutionGuid = {5FB6037F-79F2-48DB-8A44-DA03E8EA5B66}
	EndGlobalSection
EndGlobal
